<?xml version="1.0" encoding="UTF-8"?>
<Scheme
   LastUpgradeVersion = "1640"
   version = "1.3">
   <BuildAction
      parallelizeBuildables = "YES"
      buildImplicitDependencies = "YES">
      <BuildActionEntries>
         <BuildActionEntry
            buildForTesting = "YES"
            buildForRunning = "YES"
            buildForProfiling = "YES"
            buildForArchiving = "YES"
            buildForAnalyzing = "YES">
            <BuildableReference
               BuildableIdentifier = "primary"
               BlueprintIdentifier = "8EB2FDE11E15FBFE004D024F"
               BuildableName = "MotsCroisesClassiquesFixed.app"
               BlueprintName = "MotsCroisesClassiquesFixed"
               ReferencedContainer = "container:Mots-Croise&#x301;s-Classiques.xcodeproj">
            </BuildableReference>
         </BuildActionEntry>
      </BuildActionEntries>
   </BuildAction>
   <TestAction
      buildConfiguration = "Debug"
      selectedDebuggerIdentifier = "Xcode.DebuggerFoundation.Debugger.LLDB"
      selectedLauncherIdentifier = "Xcode.DebuggerFoundation.Launcher.LLDB"
      shouldUseLaunchSchemeArgsEnv = "YES">
      <MacroExpansion>
         <BuildableReference
            BuildableIdentifier = "primary"
            BlueprintIdentifier = "8EB2FDE11E15FBFE004D024F"
            BuildableName = "MotsCroisesClassiquesFixed.app"
            BlueprintName = "MotsCroisesClassiquesFixed"
            ReferencedContainer = "container:Mots-Croise&#x301;s-Classiques.xcodeproj">
         </BuildableReference>
      </MacroExpansion>
      <Testables>
         <TestableReference
            skipped = "NO">
            <BuildableReference
               BuildableIdentifier = "primary"
               BlueprintIdentifier = "8E03D6D5224AD6720079D5BF"
               BuildableName = "MotsCroisesClassiques.xctest"
               BlueprintName = "MotsCroisesClassiques"
               ReferencedContainer = "container:Mots-Croise&#x301;s-Classiques.xcodeproj">
            </BuildableReference>
         </TestableReference>
         <TestableReference
            skipped = "NO">
            <BuildableReference
               BuildableIdentifier = "primary"
               BlueprintIdentifier = "8EB2FE001E15FBFE004D024F"
               BuildableName = "Mots-Croise&#x301;s-ClassiquesUITests.xctest"
               BlueprintName = "Mots-Croise&#x301;s-ClassiquesUITests"
               ReferencedContainer = "container:Mots-Croise&#x301;s-Classiques.xcodeproj">
            </BuildableReference>
         </TestableReference>
      </Testables>
   </TestAction>
   <LaunchAction
      buildConfiguration = "Debug"
      selectedDebuggerIdentifier = "Xcode.DebuggerFoundation.Debugger.LLDB"
      selectedLauncherIdentifier = "Xcode.DebuggerFoundation.Launcher.LLDB"
      launchStyle = "0"
      useCustomWorkingDirectory = "NO"
      ignoresPersistentStateOnLaunch = "NO"
      debugDocumentVersioning = "YES"
      debugServiceExtension = "internal"
      allowLocationSimulation = "YES">
      <BuildableProductRunnable
         runnableDebuggingMode = "0">
         <BuildableReference
            BuildableIdentifier = "primary"
            BlueprintIdentifier = "8EB2FDE11E15FBFE004D024F"
            BuildableName = "MotsCroisesClassiquesFixed.app"
            BlueprintName = "MotsCroisesClassiquesFixed"
            ReferencedContainer = "container:Mots-Croise&#x301;s-Classiques.xcodeproj">
         </BuildableReference>
      </BuildableProductRunnable>
      <StoreKitConfigurationFileReference
         identifier = "../Mots-Croise&#x301;s-Classiques/TestStoreKit.storekit">
      </StoreKitConfigurationFileReference>
   </LaunchAction>
   <ProfileAction
      buildConfiguration = "Release"
      shouldUseLaunchSchemeArgsEnv = "YES"
      savedToolIdentifier = ""
      useCustomWorkingDirectory = "NO"
      debugDocumentVersioning = "YES">
      <BuildableProductRunnable
         runnableDebuggingMode = "0">
         <BuildableReference
            BuildableIdentifier = "primary"
            BlueprintIdentifier = "8EB2FDE11E15FBFE004D024F"
            BuildableName = "MotsCroisesClassiquesFixed.app"
            BlueprintName = "MotsCroisesClassiquesFixed"
            ReferencedContainer = "container:Mots-Croise&#x301;s-Classiques.xcodeproj">
         </BuildableReference>
      </BuildableProductRunnable>
   </ProfileAction>
   <AnalyzeAction
      buildConfiguration = "Debug">
   </AnalyzeAction>
   <ArchiveAction
      buildConfiguration = "Release"
      revealArchiveInOrganizer = "YES">
   </ArchiveAction>
</Scheme>
